
Microsoft Visual Studio Solution File, Format Version 12.00
# Visual Studio Version 16
VisualStudioVersion = 16.0.29728.190
MinimumVisualStudioVersion = 10.0.40219.1
Project("{FAE04EC0-301F-11D3-BF4B-00C04F79EFBC}") = "ChattingClient", "ChattingClient\ChattingClient.csproj", "{50572632-4089-4C0E-9B92-7F21C6851315}"
EndProject
Global
	GlobalSection(SolutionConfigurationPlatforms) = preSolution
		Debug|Any CPU = Debug|Any CPU
		Release|Any CPU = Release|Any CPU
	EndGlobalSection
	GlobalSection(ProjectConfigurationPlatforms) = postSolution
		{50572632-4089-4C0E-9B92-7F21C6851315}.Debug|Any CPU.ActiveCfg = Debug|Any CPU
		{50572632-4089-4C0E-9B92-7F21C6851315}.Debug|Any CPU.Build.0 = Debug|Any CPU
		{50572632-4089-4C0E-9B92-7F21C6851315}.Release|Any CPU.ActiveCfg = Release|Any CPU
		{50572632-4089-4C0E-9B92-7F21C6851315}.Release|Any CPU.Build.0 = Release|Any CPU
	EndGlobalSection
	GlobalSection(SolutionProperties) = preSolution
		HideSolutionNode = FALSE
	EndGlobalSection
	GlobalSection(ExtensibilityGlobals) = postSolution
		SolutionGuid = {57291F6F-F22C-41D4-8256-C7B0C76F7C8C}
	EndGlobalSection
EndGlobal
